
Microsoft Visual Studio Solution File, Format Version 12.00
# Visual Studio Version 16
VisualStudioVersion = 16.0.32602.291
MinimumVisualStudioVersion = 10.0.40219.1
Project("{8BC9CEB8-8B4A-11D0-8D11-00A0C91BC942}") = "client", "client\client.vcxproj", "{FC65D660-5E13-4C37-9F3E-A36767F7EBFE}"
EndProject
Global
	GlobalSection(SolutionConfigurationPlatforms) = preSolution
		Debug|x64 = Debug|x64
		Debug|x86 = Debug|x86
		Release|x64 = Release|x64
		Release|x86 = Release|x86
	EndGlobalSection
	GlobalSection(ProjectConfigurationPlatforms) = postSolution
		{FC65D660-5E13-4C37-9F3E-A36767F7EBFE}.Debug|x64.ActiveCfg = Debug|x64
		{FC65D660-5E13-4C37-9F3E-A36767F7EBFE}.Debug|x64.Build.0 = Debug|x64
		{FC65D660-5E13-4C37-9F3E-A36767F7EBFE}.Debug|x86.ActiveCfg = Debug|Win32
		{FC65D660-5E13-4C37-9F3E-A36767F7EBFE}.Debug|x86.Build.0 = Debug|Win32
		{FC65D660-5E13-4C37-9F3E-A36767F7EBFE}.Release|x64.ActiveCfg = Release|x64
		{FC65D660-5E13-4C37-9F3E-A36767F7EBFE}.Release|x64.Build.0 = Release|x64
		{FC65D660-5E13-4C37-9F3E-A36767F7EBFE}.Release|x86.ActiveCfg = Release|Win32
		{FC65D660-5E13-4C37-9F3E-A36767F7EBFE}.Release|x86.Build.0 = Release|Win32
	EndGlobalSection
	GlobalSection(SolutionProperties) = preSolution
		HideSolutionNode = FALSE
	EndGlobalSection
	GlobalSection(ExtensibilityGlobals) = postSolution
		SolutionGuid = {878E6790-E74B-4363-B3CD-D7EB83800C30}
	EndGlobalSection
EndGlobal
